
Microsoft Visual Studio Solution File, Format Version 12.00
Project("{FAE04EC0-301F-11D3-BF4B-00C04F79EFBC}") = "ClrError", "ClrError\ClrError.csproj", "{C4C74E53-B368-432A-B1F0-E0B40739F377}"
EndProject
Project("{2150E333-8FDC-42A3-9474-1A3956D46DE8}") = "assets", "assets", "{E12AE1B6-B57F-4B06-A4BF-6C4AA0492D1A}"
ProjectSection(SolutionItems) = preProject
	README.md = README.md
EndProjectSection
EndProject
Global
	GlobalSection(SolutionConfigurationPlatforms) = preSolution
		Debug|Any CPU = Debug|Any CPU
		Release|Any CPU = Release|Any CPU
	EndGlobalSection
	GlobalSection(ProjectConfigurationPlatforms) = postSolution
		{C4C74E53-B368-432A-B1F0-E0B40739F377}.Debug|Any CPU.ActiveCfg = Debug|Any CPU
		{C4C74E53-B368-432A-B1F0-E0B40739F377}.Debug|Any CPU.Build.0 = Debug|Any CPU
		{C4C74E53-B368-432A-B1F0-E0B40739F377}.Release|Any CPU.ActiveCfg = Release|Any CPU
		{C4C74E53-B368-432A-B1F0-E0B40739F377}.Release|Any CPU.Build.0 = Release|Any CPU
	EndGlobalSection
EndGlobal
